
Microsoft Visual Studio Solution File, Format Version 12.00
# Visual Studio Version 17
VisualStudioVersion = 17.10.34928.147
MinimumVisualStudioVersion = 10.0.40219.1
Project("{FAE04EC0-301F-11D3-BF4B-00C04F79EFBC}") = "VideoTranscriberApp.ConsoleClient", "VideoTranscriberApp.ConsoleClient\VideoTranscriberApp.ConsoleClient.csproj", "{F04BF3AC-E939-41C4-AC1D-FB30FE6D1013}"
EndProject
Global
	GlobalSection(SolutionConfigurationPlatforms) = preSolution
		Debug|Any CPU = Debug|Any CPU
		Release|Any CPU = Release|Any CPU
	EndGlobalSection
	GlobalSection(ProjectConfigurationPlatforms) = postSolution
		{F04BF3AC-E939-41C4-AC1D-FB30FE6D1013}.Debug|Any CPU.ActiveCfg = Debug|Any CPU
		{F04BF3AC-E939-41C4-AC1D-FB30FE6D1013}.Debug|Any CPU.Build.0 = Debug|Any CPU
		{F04BF3AC-E939-41C4-AC1D-FB30FE6D1013}.Release|Any CPU.ActiveCfg = Release|Any CPU
		{F04BF3AC-E939-41C4-AC1D-FB30FE6D1013}.Release|Any CPU.Build.0 = Release|Any CPU
	EndGlobalSection
	GlobalSection(SolutionProperties) = preSolution
		HideSolutionNode = FALSE
	EndGlobalSection
	GlobalSection(ExtensibilityGlobals) = postSolution
		SolutionGuid = {1D8674B8-DEF9-4090-BCB1-0A4B3CA83A95}
	EndGlobalSection
EndGlobal
